
Microsoft Visual Studio Solution File, Format Version 12.00
# Visual Studio Version 17
VisualStudioVersion = 17.9.34622.214
MinimumVisualStudioVersion = 10.0.40219.1
Project("{2150E333-8FDC-42A3-9474-1A3956D46DE8}") = "src", "src", "{10CA1363-F91C-4224-8378-04451844D42C}"
EndProject
Project("{9A19103F-16F7-4668-BE54-9A1E7A4F7556}") = "Domain", "Domain\Domain.csproj", "{01F9F259-588A-4ABE-B35B-0409011C4E5F}"
EndProject
Project("{9A19103F-16F7-4668-BE54-9A1E7A4F7556}") = "Infrastructure", "Infrastructure\Infrastructure.csproj", "{2F252A6A-5A4E-42C7-AE2C-B708368D5F92}"
EndProject
Project("{9A19103F-16F7-4668-BE54-9A1E7A4F7556}") = "Application", "Aplication\Application.csproj", "{DE3326A5-EE05-49C5-8AEA-B22D2A8A6182}"
EndProject
Project("{9A19103F-16F7-4668-BE54-9A1E7A4F7556}") = "API", "API\API.csproj", "{DBABAA72-5FB6-47D9-8FA8-5A18F2C0AFC2}"
EndProject
Global
	GlobalSection(SolutionConfigurationPlatforms) = preSolution
		Debug|Any CPU = Debug|Any CPU
		Release|Any CPU = Release|Any CPU
	EndGlobalSection
	GlobalSection(ProjectConfigurationPlatforms) = postSolution
		{01F9F259-588A-4ABE-B35B-0409011C4E5F}.Debug|Any CPU.ActiveCfg = Debug|Any CPU
		{01F9F259-588A-4ABE-B35B-0409011C4E5F}.Debug|Any CPU.Build.0 = Debug|Any CPU
		{01F9F259-588A-4ABE-B35B-0409011C4E5F}.Release|Any CPU.ActiveCfg = Release|Any CPU
		{01F9F259-588A-4ABE-B35B-0409011C4E5F}.Release|Any CPU.Build.0 = Release|Any CPU
		{2F252A6A-5A4E-42C7-AE2C-B708368D5F92}.Debug|Any CPU.ActiveCfg = Debug|Any CPU
		{2F252A6A-5A4E-42C7-AE2C-B708368D5F92}.Debug|Any CPU.Build.0 = Debug|Any CPU
		{2F252A6A-5A4E-42C7-AE2C-B708368D5F92}.Release|Any CPU.ActiveCfg = Release|Any CPU
		{2F252A6A-5A4E-42C7-AE2C-B708368D5F92}.Release|Any CPU.Build.0 = Release|Any CPU
		{DE3326A5-EE05-49C5-8AEA-B22D2A8A6182}.Debug|Any CPU.ActiveCfg = Debug|Any CPU
		{DE3326A5-EE05-49C5-8AEA-B22D2A8A6182}.Debug|Any CPU.Build.0 = Debug|Any CPU
		{DE3326A5-EE05-49C5-8AEA-B22D2A8A6182}.Release|Any CPU.ActiveCfg = Release|Any CPU
		{DE3326A5-EE05-49C5-8AEA-B22D2A8A6182}.Release|Any CPU.Build.0 = Release|Any CPU
		{DBABAA72-5FB6-47D9-8FA8-5A18F2C0AFC2}.Debug|Any CPU.ActiveCfg = Debug|Any CPU
		{DBABAA72-5FB6-47D9-8FA8-5A18F2C0AFC2}.Debug|Any CPU.Build.0 = Debug|Any CPU
		{DBABAA72-5FB6-47D9-8FA8-5A18F2C0AFC2}.Release|Any CPU.ActiveCfg = Release|Any CPU
		{DBABAA72-5FB6-47D9-8FA8-5A18F2C0AFC2}.Release|Any CPU.Build.0 = Release|Any CPU
	EndGlobalSection
	GlobalSection(SolutionProperties) = preSolution
		HideSolutionNode = FALSE
	EndGlobalSection
	GlobalSection(NestedProjects) = preSolution
		{01F9F259-588A-4ABE-B35B-0409011C4E5F} = {10CA1363-F91C-4224-8378-04451844D42C}
		{2F252A6A-5A4E-42C7-AE2C-B708368D5F92} = {10CA1363-F91C-4224-8378-04451844D42C}
		{DE3326A5-EE05-49C5-8AEA-B22D2A8A6182} = {10CA1363-F91C-4224-8378-04451844D42C}
		{DBABAA72-5FB6-47D9-8FA8-5A18F2C0AFC2} = {10CA1363-F91C-4224-8378-04451844D42C}
	EndGlobalSection
	GlobalSection(ExtensibilityGlobals) = postSolution
		SolutionGuid = {4737F010-316A-4209-AA5E-29FC32627739}
	EndGlobalSection
EndGlobal
